
Microsoft Visual Studio Solution File, Format Version 12.00
# Visual Studio 15
VisualStudioVersion = 15.0.27428.2011
MinimumVisualStudioVersion = 10.0.40219.1
Project("{F184B08F-C81C-45F6-A57F-5ABD9991F28F}") = "InmacolProyecto", "InmacolProyecto\InmacolProyecto.vbproj", "{C3F2B7D4-9C64-42D7-9FD8-8CB834A40F64}"
EndProject
Global
	GlobalSection(SolutionConfigurationPlatforms) = preSolution
		Debug|Any CPU = Debug|Any CPU
		Release|Any CPU = Release|Any CPU
	EndGlobalSection
	GlobalSection(ProjectConfigurationPlatforms) = postSolution
		{C3F2B7D4-9C64-42D7-9FD8-8CB834A40F64}.Debug|Any CPU.ActiveCfg = Debug|Any CPU
		{C3F2B7D4-9C64-42D7-9FD8-8CB834A40F64}.Debug|Any CPU.Build.0 = Debug|Any CPU
		{C3F2B7D4-9C64-42D7-9FD8-8CB834A40F64}.Release|Any CPU.ActiveCfg = Release|Any CPU
		{C3F2B7D4-9C64-42D7-9FD8-8CB834A40F64}.Release|Any CPU.Build.0 = Release|Any CPU
	EndGlobalSection
	GlobalSection(SolutionProperties) = preSolution
		HideSolutionNode = FALSE
	EndGlobalSection
	GlobalSection(ExtensibilityGlobals) = postSolution
		SolutionGuid = {A9CDC16C-38C5-42BD-8D9A-84631B16A131}
	EndGlobalSection
	GlobalSection(TeamFoundationVersionControl) = preSolution
		SccNumberOfProjects = 2
		SccEnterpriseProvider = {4CA58AB2-18FA-4F8D-95D4-32DDF27D184C}
		SccTeamFoundationServer = https://taller111.visualstudio.com/
		SccLocalPath0 = .
		SccProjectUniqueName1 = InmacolProyecto\\InmacolProyecto.vbproj
		SccProjectName1 = InmacolProyecto
		SccLocalPath1 = InmacolProyecto
	EndGlobalSection
EndGlobal
